
Microsoft Visual Studio Solution File, Format Version 12.00
# Visual Studio Version 16
VisualStudioVersion = 25.0.1704.0
MinimumVisualStudioVersion = 10.0.40219.1
Project("{FAE04EC0-301F-11D3-BF4B-00C04F79EFBC}") = "TwojUrlop.API", "TwojUrlop.API\TwojUrlop.API.csproj", "{1EB9A590-1A48-4BE6-9F35-3E8EE9554E13}"
EndProject
Project("{FAE04EC0-301F-11D3-BF4B-00C04F79EFBC}") = "TwojUrlop.DataAccess", "TwojUrlop.DataAccess\TwojUrlop.DataAccess.csproj", "{05F13F89-6989-4EAD-984C-0F4735C1B459}"
EndProject
Project("{FAE04EC0-301F-11D3-BF4B-00C04F79EFBC}") = "TwojUrlop.DependencyInjection", "TwojUrlop.DependencyInjection\TwojUrlop.DependencyInjection.csproj", "{3E690791-14F8-4933-91C0-DA856ED253A5}"
EndProject
Project("{FAE04EC0-301F-11D3-BF4B-00C04F79EFBC}") = "TwojUrlop.Common", "TwojUrlop.Common\TwojUrlop.Common.csproj", "{13C86F55-BAEF-4D4B-821D-641399FDB3E3}"
EndProject
Project("{FAE04EC0-301F-11D3-BF4B-00C04F79EFBC}") = "TwojUrlop.Domain", "TwojUrlop.Domain\TwojUrlop.Domain.csproj", "{710FD51E-8867-4C01-8577-A7714AA58E92}"
EndProject
Project("{FAE04EC0-301F-11D3-BF4B-00C04F79EFBC}") = "TwojUrlop.DomainModel", "TwojUrlop.DomainModel\TwojUrlop.DomainModel.csproj", "{39712DB7-5B95-41BB-8609-C5D524BD431A}"
EndProject
Project("{FAE04EC0-301F-11D3-BF4B-00C04F79EFBC}") = "TwojUrlop.Mapster", "TwojUrlop.Mapster\TwojUrlop.Mapster.csproj", "{8FE0833A-E30C-4008-BB29-02AC618C6865}"
EndProject
Project("{E53339B2-1760-4266-BCC7-CA923CBCF16C}") = "docker-compose", "docker-compose.dcproj", "{5A12C570-BEA4-4987-AABF-C0A9784631AA}"
EndProject
Global
	GlobalSection(SolutionConfigurationPlatforms) = preSolution
		Debug|Any CPU = Debug|Any CPU
		Release|Any CPU = Release|Any CPU
	EndGlobalSection
	GlobalSection(ProjectConfigurationPlatforms) = postSolution
		{1EB9A590-1A48-4BE6-9F35-3E8EE9554E13}.Debug|Any CPU.ActiveCfg = Debug|Any CPU
		{1EB9A590-1A48-4BE6-9F35-3E8EE9554E13}.Debug|Any CPU.Build.0 = Debug|Any CPU
		{1EB9A590-1A48-4BE6-9F35-3E8EE9554E13}.Release|Any CPU.ActiveCfg = Release|Any CPU
		{1EB9A590-1A48-4BE6-9F35-3E8EE9554E13}.Release|Any CPU.Build.0 = Release|Any CPU
		{05F13F89-6989-4EAD-984C-0F4735C1B459}.Debug|Any CPU.ActiveCfg = Debug|Any CPU
		{05F13F89-6989-4EAD-984C-0F4735C1B459}.Debug|Any CPU.Build.0 = Debug|Any CPU
		{05F13F89-6989-4EAD-984C-0F4735C1B459}.Release|Any CPU.ActiveCfg = Release|Any CPU
		{05F13F89-6989-4EAD-984C-0F4735C1B459}.Release|Any CPU.Build.0 = Release|Any CPU
		{3E690791-14F8-4933-91C0-DA856ED253A5}.Debug|Any CPU.ActiveCfg = Debug|Any CPU
		{3E690791-14F8-4933-91C0-DA856ED253A5}.Debug|Any CPU.Build.0 = Debug|Any CPU
		{3E690791-14F8-4933-91C0-DA856ED253A5}.Release|Any CPU.ActiveCfg = Release|Any CPU
		{3E690791-14F8-4933-91C0-DA856ED253A5}.Release|Any CPU.Build.0 = Release|Any CPU
		{13C86F55-BAEF-4D4B-821D-641399FDB3E3}.Debug|Any CPU.ActiveCfg = Debug|Any CPU
		{13C86F55-BAEF-4D4B-821D-641399FDB3E3}.Debug|Any CPU.Build.0 = Debug|Any CPU
		{13C86F55-BAEF-4D4B-821D-641399FDB3E3}.Release|Any CPU.ActiveCfg = Release|Any CPU
		{13C86F55-BAEF-4D4B-821D-641399FDB3E3}.Release|Any CPU.Build.0 = Release|Any CPU
		{710FD51E-8867-4C01-8577-A7714AA58E92}.Debug|Any CPU.ActiveCfg = Debug|Any CPU
		{710FD51E-8867-4C01-8577-A7714AA58E92}.Debug|Any CPU.Build.0 = Debug|Any CPU
		{710FD51E-8867-4C01-8577-A7714AA58E92}.Release|Any CPU.ActiveCfg = Release|Any CPU
		{710FD51E-8867-4C01-8577-A7714AA58E92}.Release|Any CPU.Build.0 = Release|Any CPU
		{39712DB7-5B95-41BB-8609-C5D524BD431A}.Debug|Any CPU.ActiveCfg = Debug|Any CPU
		{39712DB7-5B95-41BB-8609-C5D524BD431A}.Debug|Any CPU.Build.0 = Debug|Any CPU
		{39712DB7-5B95-41BB-8609-C5D524BD431A}.Release|Any CPU.ActiveCfg = Release|Any CPU
		{39712DB7-5B95-41BB-8609-C5D524BD431A}.Release|Any CPU.Build.0 = Release|Any CPU
		{8FE0833A-E30C-4008-BB29-02AC618C6865}.Debug|Any CPU.ActiveCfg = Debug|Any CPU
		{8FE0833A-E30C-4008-BB29-02AC618C6865}.Debug|Any CPU.Build.0 = Debug|Any CPU
		{8FE0833A-E30C-4008-BB29-02AC618C6865}.Release|Any CPU.ActiveCfg = Release|Any CPU
		{8FE0833A-E30C-4008-BB29-02AC618C6865}.Release|Any CPU.Build.0 = Release|Any CPU
		{DEBEEBA3-8B31-4733-B4D7-DC61D133B167}.Debug|Any CPU.ActiveCfg = Debug|Any CPU
		{DEBEEBA3-8B31-4733-B4D7-DC61D133B167}.Debug|Any CPU.Build.0 = Debug|Any CPU
		{DEBEEBA3-8B31-4733-B4D7-DC61D133B167}.Release|Any CPU.ActiveCfg = Release|Any CPU
		{DEBEEBA3-8B31-4733-B4D7-DC61D133B167}.Release|Any CPU.Build.0 = Release|Any CPU
		{93F04857-C80A-4809-A979-F6FFD8EF7932}.Debug|Any CPU.ActiveCfg = Debug|Any CPU
		{93F04857-C80A-4809-A979-F6FFD8EF7932}.Debug|Any CPU.Build.0 = Debug|Any CPU
		{93F04857-C80A-4809-A979-F6FFD8EF7932}.Release|Any CPU.ActiveCfg = Release|Any CPU
		{93F04857-C80A-4809-A979-F6FFD8EF7932}.Release|Any CPU.Build.0 = Release|Any CPU
		{FBAA66CE-B865-4915-A066-CA46E82DA090}.Debug|Any CPU.ActiveCfg = Debug|Any CPU
		{FBAA66CE-B865-4915-A066-CA46E82DA090}.Debug|Any CPU.Build.0 = Debug|Any CPU
		{FBAA66CE-B865-4915-A066-CA46E82DA090}.Release|Any CPU.ActiveCfg = Release|Any CPU
		{FBAA66CE-B865-4915-A066-CA46E82DA090}.Release|Any CPU.Build.0 = Release|Any CPU
		{5A12C570-BEA4-4987-AABF-C0A9784631AA}.Debug|Any CPU.ActiveCfg = Debug|Any CPU
		{5A12C570-BEA4-4987-AABF-C0A9784631AA}.Debug|Any CPU.Build.0 = Debug|Any CPU
		{5A12C570-BEA4-4987-AABF-C0A9784631AA}.Release|Any CPU.ActiveCfg = Release|Any CPU
		{5A12C570-BEA4-4987-AABF-C0A9784631AA}.Release|Any CPU.Build.0 = Release|Any CPU
	EndGlobalSection
	GlobalSection(SolutionProperties) = preSolution
		HideSolutionNode = FALSE
	EndGlobalSection
	GlobalSection(ExtensibilityGlobals) = postSolution
		SolutionGuid = {BB49D94A-4E54-429E-B680-02A361B963D7}
	EndGlobalSection
EndGlobal
